
Microsoft Visual Studio Solution File, Format Version 12.00
# Visual Studio 2012
Project("{FAE04EC0-301F-11D3-BF4B-00C04F79EFBC}") = "TrainingCompany", "TrainingCompany\TrainingCompany.csproj", "{D6976C1F-8563-454B-B507-9743C2D5202C}"
EndProject
Global
	GlobalSection(SolutionConfigurationPlatforms) = preSolution
		Debug|Any CPU = Debug|Any CPU
		Release|Any CPU = Release|Any CPU
	EndGlobalSection
	GlobalSection(ProjectConfigurationPlatforms) = postSolution
		{D6976C1F-8563-454B-B507-9743C2D5202C}.Debug|Any CPU.ActiveCfg = Debug|Any CPU
		{D6976C1F-8563-454B-B507-9743C2D5202C}.Debug|Any CPU.Build.0 = Debug|Any CPU
		{D6976C1F-8563-454B-B507-9743C2D5202C}.Release|Any CPU.ActiveCfg = Release|Any CPU
		{D6976C1F-8563-454B-B507-9743C2D5202C}.Release|Any CPU.Build.0 = Release|Any CPU
	EndGlobalSection
	GlobalSection(SolutionProperties) = preSolution
		HideSolutionNode = FALSE
	EndGlobalSection
EndGlobal
